{{ if or .Values.sonarr.enabled .Values.sonarrplus.enabled .Values.sonarrhobbit.enabled }}
{{ if .Values.volsync.enabled }}
apiVersion: volsync.backube/v1alpha1
kind: ReplicationSource
metadata:
  name: rs-config-sonarr-block
spec:
  sourcePVC: config-sonarr-block
  trigger:
    schedule: "0 {{ ( sha256sum .Release.Name| substr 0 8 | regexReplaceAll '[^0-9]' '0' | int ) | mod 24 }} * * *"
  restic:
    pruneIntervalDays: 7
    repository: config-sonarr-block-volsync-restic-config
    retain:
      daily: 2
    copyMethod: Snapshot
    cacheCapacity: 20Gi
    cacheStorageClassName: topolvm-provisioner-thin
    volumeSnapshotClassName: {{ .Values.storageclass.rwo.volumeSnapshotClassName }}
{{ end }}
{{ end }}