{{- if or .Values.radarr4k.enabled .Values.radarr4khobbit.enabled .Values.radarr4kplus.enabled }}
{{- if .Values.volsync.enabled }}
{{- $pvc := (lookup "v1" "PersistentVolumeClaim" .Release.Namespace "config-radarr4k-block" ) }}
{{- if not $pvc }}
apiVersion: volsync.backube/v1alpha1
kind: ReplicationDestination
metadata:
  name: rd-config-radarr4k-block
  annotations:
    helm.sh/hook: pre-install,pre-upgrade  
spec:
  trigger:
    manual: runonce
  restic:
    repository: config-radarr4k-block-volsync-restic-config
    copyMethod: Snapshot
    cacheCapacity: 20Gi
    capacity: 20Gi
    cacheStorageClassName: topolvm-provisioner-thin
    accessModes:
    - {{ .Values.storageclass.rwo.accessMode }}
    storageClassName: {{ .Values.storageclass.rwo.name }}
    cacheAccessModes:
    - ReadWriteOnce
    volumeSnapshotClassName: {{ .Values.storageclass.rwo.volumeSnapshotClassName }}
{{- end }}
{{- end }}
{{- end }}