{{ if or .Values.prowlarr.enabled .Values.prowlarrplus.enabled .Values.prowlarrhobbit.enabled  }}
{{- if .Values.volsync.enabled }}
{{- if .Values.location.enabled }}
apiVersion: volsync.backube/v1alpha1
kind: ReplicationDestination
metadata:
  name: rd-config-prowlarr-block
  annotations:
    helm.sh/hook: pre-install,pre-upgrade  
spec:
  trigger:
    manual: runonce
  restic:
    repository: config-prowlarr-block-volsync-restic-config
    copyMethod: Snapshot
    cacheCapacity: 2Gi
    capacity: 2Gi
    cacheStorageClassName: topolvm-provisioner-thin
    accessModes:
    - {{ .Values.storageclass.rwo.accessMode }}
    storageClassName: {{ .Values.storageclass.rwo.name }}
    cacheAccessModes:
    - ReadWriteOnce
    volumeSnapshotClassName: {{ .Values.storageclass.rwo.volumeSnapshotClassName }}
{{- end }}
{{- end }}
{{- end }}