{{ if .Values.plex.enabled }}
{{ if .Values.volsync.enabled }}
apiVersion: volsync.backube/v1alpha1
kind: ReplicationDestination
metadata:
  name: config-plex-block
spec:
  trigger:
    manual: runonce
  restic:
    repository: config-plex-block-volsync-restic-config
    copyMethod: Snapshot
    cacheCapacity: 100Gi
    capacity: 100Gi
    cacheStorageClassName: topolvm-provisioner-thin
    accessModes:
    - {{ .Values.storageclass.rwo.accessMode }}
    storageClassName: {{ .Values.storageclass.rwo.name }}
    cacheAccessModes:
    - ReadWriteOnce
    volumeSnapshotClassName: {{ .Values.storageclass.rwo.volumeSnapshotClassName }}
{{ end }}
{{ end }}