{{- if or .Values.readarr.enabled }}
{{- if .Values.volsync.enabled }}
{{- $pvc := (lookup "v1" "PersistentVolumeClaim" .Release.Namespace "config-readarr-block" ) }}
{{- if not $pvc }}
apiVersion: volsync.backube/v1alpha1
kind: ReplicationDestination
metadata:
  name: rd-config-readarr-block
  annotations:
    helm.sh/hook: pre-install,pre-upgrade  
spec:
  trigger:
    manual: runonce
  restic:
    repository: config-readarr-block-volsync-restic-config
    copyMethod: Snapshot
    cacheCapacity: 2Gi
    capacity: 2Gi
    cacheStorageClassName: topolvm-provisioner-thin
    accessModes:
    - {{ .Values.storageclass.rwo.accessMode }}
    storageClassName: {{ .Values.storageclass.rwo.name }}
    cacheAccessModes:
    - ReadWriteOnce
    volumeSnapshotClassName: {{ .Values.storageclass.rwo.volumeSnapshotClassName }}
{{- end }}
{{- end }}
{{- end }}