{{ if or .Values.radarr4k.enabled .Values.radarr4kplus.enabled .Values.radarr4khobbit.enabled }}
apiVersion: v1
kind: PersistentVolumeClaim
metadata:
  name: config-radarr4k-block
  annotations:
    helm.sh/resource-policy: keep
spec:
  accessModes:
  - {{ .Values.storageclass.rwo.accessMode }}
  resources:
    requests:
      storage: 20Gi
  storageClassName: {{ .Values.storageclass.rwo.name }}
{{ end }}