apiVersion: v1
kind: PersistentVolumeClaim
metadata:
  name: config-jackett-block
  annotations:
    helm.sh/resource-policy: keep
spec:
{{ if .Values.location.enabled }}
  dataSourceRef:
    kind: ReplicationDestination
    apiGroup: volsync.backube
    name: rd-config-jackett-block
  {{- end }}
  accessModes:
  - {{ .Values.storageclass.rwo.accessMode }}
  resources:
    requests:
      storage: 1Gi
  storageClassName: {{ .Values.storageclass.rwo.name }}
