{{ if or .Values.jellyfin.enabled .Values.jellyfinplus.enabled .Values.jellyfinhobbit.enabled }}
apiVersion: v1
kind: PersistentVolumeClaim
metadata:
  name: config-jellyfin-block
  annotations:
    helm.sh/resource-policy: keep
spec:
{{- $pvc := (lookup "v1" "PersistentVolumeClaim" .Release.Namespace "config-jellyfin-block" ) }}
  {{- if not $pvc }}
  dataSourceRef:
    kind: ReplicationDestination
    apiGroup: volsync.backube
    name: rd-config-jellyfin-block
  {{- end }}
  accessModes:
  - {{ .Values.storageclass.rwo.accessMode }}
  resources:
    requests:
      storage: 20Gi
  storageClassName: {{ .Values.storageclass.rwo.name }}
{{ end }}