{{ if or .Values.sonarr4k.enabled .Values.sonarr4kplus.enabled .Values.sonarr4khobbit.enabled }}
apiVersion: v1
kind: PersistentVolumeClaim
metadata:
  name: config-sonarr4k-block
  annotations:
    helm.sh/resource-policy: keep
spec:
  accessModes:
  - ReadWriteOnce
  resources:
    requests:
      storage: 20Gi
  storageClassName: {{ .Values.storageclass.rwo }}
{{ end }}