{{ if or .Values.emby.enabled .Values.embyplus.enabled .Values.embyhobbit.enabled }}
apiVersion: v1
kind: PersistentVolumeClaim
metadata:
  name: config-emby-block
  annotations:
    helm.sh/resource-policy: keep
spec:
  accessModes:
  - {{ .Values.storageclass.rwo.accessMode }}
  resources:
    requests:
      storage: 10Gi
  storageClassName: {{ .Values.storageclass.rwo.name }}
{{ end }}