{{ if .Values.readarraudio.enabled }}
apiVersion: v1
kind: PersistentVolumeClaim
metadata:
  name: config-readarraudio-block
  annotations:
    helm.sh/resource-policy: keep
spec:
  accessModes:
  - {{ .Values.storageclass.rwo.accessMode }}
  resources:
    requests:
      storage: 2Gi
  storageClassName: {{ .Values.storageclass.rwo.name }}
{{ end }}