{{ if or .Values.prowlarr.enabled .Values.prowlarrplus.enabled .Values.prowlarrhobbit.enabled  }}
apiVersion: v1
kind: PersistentVolumeClaim
metadata:
  name: config-prowlarr-block
  annotations:
    helm.sh/resource-policy: keep
spec:
{{- $pvc := (lookup "v1" "PersistentVolumeClaim" .Release.Namespace "config-prowlarr-block" ) }}
  {{- if and (not $pvc) (.Values.location.enabled) }}
  dataSourceRef:
    kind: ReplicationDestination
    apiGroup: volsync.backube
    name: rd-config-prowlarr-block
  {{- end }}
  accessModes:
  - {{ .Values.storageclass.rwo.accessMode }}
  resources:
    requests:
      storage: 2Gi
  storageClassName: {{ .Values.storageclass.rwo.name }}
{{ end }}