{{ if or .Values.prowlarr.enabled .Values.prowlarrplus.enabled .Values.prowlarrhobbit.enabled  }}
apiVersion: v1
kind: PersistentVolumeClaim
metadata:
  name: config-prowlarr-block
  annotations:
    helm.sh/resource-policy: keep
spec:
  accessModes:
  - {{ .Values.storageclass.rwo.accessMode }}
  resources:
    requests:
      storage: 2Gi
  storageClassName: {{ .Values.storageclass.rwo.name }}
{{ end }}