{{ if or .Values.jackett.enabled }}
{{ if .Values.volsync.enabled }}
apiVersion: volsync.backube/v1alpha1
kind: ReplicationSource
metadata:
  name: rs-config-jackett-block
spec:
  sourcePVC: config-jackett-block
  trigger:
    schedule: "0 {{ mod .Values.userId 24 }} * * *"
  restic:
    pruneIntervalDays: 7
    repository: config-jackett-block-volsync-restic-config
    retain:
      daily: 2
    copyMethod: Snapshot
    moverAffinity:
      podAffinity:
        requiredDuringSchedulingIgnoredDuringExecution: 
        - labelSelector:
            matchExpressions:
            - key: app.elfhosted.com/name
              operator: In
              values:
              - zurg
          topologyKey: "kubernetes.io/hostname"
    cacheCapacity: 20Gi
    cacheStorageClassName: topolvm-provisioner-thin
    cacheAccessModes:
    - ReadWriteOnce
    volumeSnapshotClassName: {{ .Values.storageclass.rwo.volumeSnapshotClassName }}
{{ end }}
{{ end }}